
Microsoft Visual Studio Solution File, Format Version 12.00
# Visual Studio Version 16
VisualStudioVersion = 16.0.28606.126
MinimumVisualStudioVersion = 10.0.40219.1
Project("{FAE04EC0-301F-11D3-BF4B-00C04F79EFBC}") = "Algorithms and data structures", "Algorithms and data structures\Algorithms and data structures.csproj", "{D4A7DC2D-EB61-446A-9923-45DCD4ACEFD0}"
EndProject
Global
	GlobalSection(SolutionConfigurationPlatforms) = preSolution
		Debug|Any CPU = Debug|Any CPU
		Release|Any CPU = Release|Any CPU
	EndGlobalSection
	GlobalSection(ProjectConfigurationPlatforms) = postSolution
		{D4A7DC2D-EB61-446A-9923-45DCD4ACEFD0}.Debug|Any CPU.ActiveCfg = Debug|Any CPU
		{D4A7DC2D-EB61-446A-9923-45DCD4ACEFD0}.Debug|Any CPU.Build.0 = Debug|Any CPU
		{D4A7DC2D-EB61-446A-9923-45DCD4ACEFD0}.Release|Any CPU.ActiveCfg = Release|Any CPU
		{D4A7DC2D-EB61-446A-9923-45DCD4ACEFD0}.Release|Any CPU.Build.0 = Release|Any CPU
	EndGlobalSection
	GlobalSection(SolutionProperties) = preSolution
		HideSolutionNode = FALSE
	EndGlobalSection
	GlobalSection(ExtensibilityGlobals) = postSolution
		SolutionGuid = {0C25ED05-CF28-40A6-BE49-8A7CE92A864C}
	EndGlobalSection
EndGlobal
